
Microsoft Visual Studio Solution File, Format Version 12.00
# Visual Studio Express 2012 for Windows Desktop
Project("{FAE04EC0-301F-11D3-BF4B-00C04F79EFBC}") = "BuildABurger", "BuildABurger\BuildABurger.csproj", "{4B95BA84-4231-4C22-B2FF-E9E34D2D7C70}"
EndProject
Project("{FAE04EC0-301F-11D3-BF4B-00C04F79EFBC}") = "Burgers", "Burgers\Burgers.csproj", "{AF3AA9E5-BAA6-416B-B9FF-ED385D32578C}"
EndProject
Global
	GlobalSection(SolutionConfigurationPlatforms) = preSolution
		Debug|Any CPU = Debug|Any CPU
		Release|Any CPU = Release|Any CPU
	EndGlobalSection
	GlobalSection(ProjectConfigurationPlatforms) = postSolution
		{4B95BA84-4231-4C22-B2FF-E9E34D2D7C70}.Debug|Any CPU.ActiveCfg = Debug|Any CPU
		{4B95BA84-4231-4C22-B2FF-E9E34D2D7C70}.Debug|Any CPU.Build.0 = Debug|Any CPU
		{4B95BA84-4231-4C22-B2FF-E9E34D2D7C70}.Release|Any CPU.ActiveCfg = Release|Any CPU
		{4B95BA84-4231-4C22-B2FF-E9E34D2D7C70}.Release|Any CPU.Build.0 = Release|Any CPU
		{AF3AA9E5-BAA6-416B-B9FF-ED385D32578C}.Debug|Any CPU.ActiveCfg = Debug|Any CPU
		{AF3AA9E5-BAA6-416B-B9FF-ED385D32578C}.Debug|Any CPU.Build.0 = Debug|Any CPU
		{AF3AA9E5-BAA6-416B-B9FF-ED385D32578C}.Release|Any CPU.ActiveCfg = Release|Any CPU
		{AF3AA9E5-BAA6-416B-B9FF-ED385D32578C}.Release|Any CPU.Build.0 = Release|Any CPU
	EndGlobalSection
	GlobalSection(SolutionProperties) = preSolution
		HideSolutionNode = FALSE
	EndGlobalSection
EndGlobal
