
Microsoft Visual Studio Solution File, Format Version 12.00
# Visual Studio 2013
VisualStudioVersion = 12.0.40629.0
MinimumVisualStudioVersion = 10.0.40219.1
Project("{FAE04EC0-301F-11D3-BF4B-00C04F79EFBC}") = "Lab3", "Lab3\Lab3.csproj", "{B8956FF0-0DFE-4A4B-8394-0C01C4110D46}"
EndProject
Project("{FAE04EC0-301F-11D3-BF4B-00C04F79EFBC}") = "PropertyClasses", "PropertyClasses\PropertyClasses.csproj", "{34FE518C-68DD-46C6-9FB7-D1C7F68F6BCB}"
EndProject
Global
	GlobalSection(SolutionConfigurationPlatforms) = preSolution
		Debug|Any CPU = Debug|Any CPU
		Release|Any CPU = Release|Any CPU
	EndGlobalSection
	GlobalSection(ProjectConfigurationPlatforms) = postSolution
		{B8956FF0-0DFE-4A4B-8394-0C01C4110D46}.Debug|Any CPU.ActiveCfg = Debug|Any CPU
		{B8956FF0-0DFE-4A4B-8394-0C01C4110D46}.Debug|Any CPU.Build.0 = Debug|Any CPU
		{B8956FF0-0DFE-4A4B-8394-0C01C4110D46}.Release|Any CPU.ActiveCfg = Release|Any CPU
		{B8956FF0-0DFE-4A4B-8394-0C01C4110D46}.Release|Any CPU.Build.0 = Release|Any CPU
		{34FE518C-68DD-46C6-9FB7-D1C7F68F6BCB}.Debug|Any CPU.ActiveCfg = Debug|Any CPU
		{34FE518C-68DD-46C6-9FB7-D1C7F68F6BCB}.Debug|Any CPU.Build.0 = Debug|Any CPU
		{34FE518C-68DD-46C6-9FB7-D1C7F68F6BCB}.Release|Any CPU.ActiveCfg = Release|Any CPU
		{34FE518C-68DD-46C6-9FB7-D1C7F68F6BCB}.Release|Any CPU.Build.0 = Release|Any CPU
	EndGlobalSection
	GlobalSection(SolutionProperties) = preSolution
		HideSolutionNode = FALSE
	EndGlobalSection
EndGlobal
